
Microsoft Visual Studio Solution File, Format Version 12.00
# Visual Studio 15
VisualStudioVersion = 15.0.26206.0
MinimumVisualStudioVersion = 10.0.40219.1
Project("{FAE04EC0-301F-11D3-BF4B-00C04F79EFBC}") = "Motes", "Motes\Motes.csproj", "{18848B65-D8C9-4B9A-BF54-4C3643556E39}"
EndProject
Project("{FAE04EC0-301F-11D3-BF4B-00C04F79EFBC}") = "Installer", "Installer\Installer.csproj", "{AC3EA2BF-5907-4147-BFBF-A383315CF698}"
EndProject
Project("{FAE04EC0-301F-11D3-BF4B-00C04F79EFBC}") = "InstallSetup", "InstallSetup\InstallSetup.csproj", "{E78EAC9C-5F46-4A88-BDAD-0632A8346F00}"
EndProject
Global
	GlobalSection(SolutionConfigurationPlatforms) = preSolution
		Debug|Any CPU = Debug|Any CPU
		Installer x64|Any CPU = Installer x64|Any CPU
		Installer x86|Any CPU = Installer x86|Any CPU
		Release x64|Any CPU = Release x64|Any CPU
		Release x86|Any CPU = Release x86|Any CPU
		Release|Any CPU = Release|Any CPU
		x64|Any CPU = x64|Any CPU
		x86|Any CPU = x86|Any CPU
	EndGlobalSection
	GlobalSection(ProjectConfigurationPlatforms) = postSolution
		{18848B65-D8C9-4B9A-BF54-4C3643556E39}.Debug|Any CPU.ActiveCfg = Debug|Any CPU
		{18848B65-D8C9-4B9A-BF54-4C3643556E39}.Debug|Any CPU.Build.0 = Debug|Any CPU
		{18848B65-D8C9-4B9A-BF54-4C3643556E39}.Installer x64|Any CPU.ActiveCfg = Release|Any CPU
		{18848B65-D8C9-4B9A-BF54-4C3643556E39}.Installer x64|Any CPU.Build.0 = Release|Any CPU
		{18848B65-D8C9-4B9A-BF54-4C3643556E39}.Installer x86|Any CPU.ActiveCfg = Release|Any CPU
		{18848B65-D8C9-4B9A-BF54-4C3643556E39}.Installer x86|Any CPU.Build.0 = Release|Any CPU
		{18848B65-D8C9-4B9A-BF54-4C3643556E39}.Release x64|Any CPU.ActiveCfg = Release x64|Any CPU
		{18848B65-D8C9-4B9A-BF54-4C3643556E39}.Release x64|Any CPU.Build.0 = Release x64|Any CPU
		{18848B65-D8C9-4B9A-BF54-4C3643556E39}.Release x86|Any CPU.ActiveCfg = Release x86|Any CPU
		{18848B65-D8C9-4B9A-BF54-4C3643556E39}.Release x86|Any CPU.Build.0 = Release x86|Any CPU
		{18848B65-D8C9-4B9A-BF54-4C3643556E39}.Release|Any CPU.ActiveCfg = Release|Any CPU
		{18848B65-D8C9-4B9A-BF54-4C3643556E39}.Release|Any CPU.Build.0 = Release|Any CPU
		{18848B65-D8C9-4B9A-BF54-4C3643556E39}.x64|Any CPU.ActiveCfg = Release x64|Any CPU
		{18848B65-D8C9-4B9A-BF54-4C3643556E39}.x64|Any CPU.Build.0 = Release x64|Any CPU
		{18848B65-D8C9-4B9A-BF54-4C3643556E39}.x86|Any CPU.ActiveCfg = Release x86|Any CPU
		{18848B65-D8C9-4B9A-BF54-4C3643556E39}.x86|Any CPU.Build.0 = Release x86|Any CPU
		{AC3EA2BF-5907-4147-BFBF-A383315CF698}.Debug|Any CPU.ActiveCfg = Debug|Any CPU
		{AC3EA2BF-5907-4147-BFBF-A383315CF698}.Debug|Any CPU.Build.0 = Debug|Any CPU
		{AC3EA2BF-5907-4147-BFBF-A383315CF698}.Installer x64|Any CPU.ActiveCfg = Installer x64|Any CPU
		{AC3EA2BF-5907-4147-BFBF-A383315CF698}.Installer x64|Any CPU.Build.0 = Installer x64|Any CPU
		{AC3EA2BF-5907-4147-BFBF-A383315CF698}.Installer x86|Any CPU.ActiveCfg = Installer x86|Any CPU
		{AC3EA2BF-5907-4147-BFBF-A383315CF698}.Installer x86|Any CPU.Build.0 = Installer x86|Any CPU
		{AC3EA2BF-5907-4147-BFBF-A383315CF698}.Release x64|Any CPU.ActiveCfg = Release|Any CPU
		{AC3EA2BF-5907-4147-BFBF-A383315CF698}.Release x64|Any CPU.Build.0 = Release|Any CPU
		{AC3EA2BF-5907-4147-BFBF-A383315CF698}.Release x86|Any CPU.ActiveCfg = Release|Any CPU
		{AC3EA2BF-5907-4147-BFBF-A383315CF698}.Release x86|Any CPU.Build.0 = Release|Any CPU
		{AC3EA2BF-5907-4147-BFBF-A383315CF698}.Release|Any CPU.ActiveCfg = Release|Any CPU
		{AC3EA2BF-5907-4147-BFBF-A383315CF698}.Release|Any CPU.Build.0 = Release|Any CPU
		{AC3EA2BF-5907-4147-BFBF-A383315CF698}.x64|Any CPU.ActiveCfg = Release|Any CPU
		{AC3EA2BF-5907-4147-BFBF-A383315CF698}.x64|Any CPU.Build.0 = Release|Any CPU
		{AC3EA2BF-5907-4147-BFBF-A383315CF698}.x86|Any CPU.ActiveCfg = Release|Any CPU
		{AC3EA2BF-5907-4147-BFBF-A383315CF698}.x86|Any CPU.Build.0 = Release|Any CPU
		{E78EAC9C-5F46-4A88-BDAD-0632A8346F00}.Debug|Any CPU.ActiveCfg = Debug|Any CPU
		{E78EAC9C-5F46-4A88-BDAD-0632A8346F00}.Debug|Any CPU.Build.0 = Debug|Any CPU
		{E78EAC9C-5F46-4A88-BDAD-0632A8346F00}.Installer x64|Any CPU.ActiveCfg = x64|Any CPU
		{E78EAC9C-5F46-4A88-BDAD-0632A8346F00}.Installer x64|Any CPU.Build.0 = x64|Any CPU
		{E78EAC9C-5F46-4A88-BDAD-0632A8346F00}.Installer x86|Any CPU.ActiveCfg = x86|Any CPU
		{E78EAC9C-5F46-4A88-BDAD-0632A8346F00}.Installer x86|Any CPU.Build.0 = x86|Any CPU
		{E78EAC9C-5F46-4A88-BDAD-0632A8346F00}.Release x64|Any CPU.ActiveCfg = Release|Any CPU
		{E78EAC9C-5F46-4A88-BDAD-0632A8346F00}.Release x64|Any CPU.Build.0 = Release|Any CPU
		{E78EAC9C-5F46-4A88-BDAD-0632A8346F00}.Release x86|Any CPU.ActiveCfg = Release|Any CPU
		{E78EAC9C-5F46-4A88-BDAD-0632A8346F00}.Release x86|Any CPU.Build.0 = Release|Any CPU
		{E78EAC9C-5F46-4A88-BDAD-0632A8346F00}.Release|Any CPU.ActiveCfg = Release|Any CPU
		{E78EAC9C-5F46-4A88-BDAD-0632A8346F00}.Release|Any CPU.Build.0 = Release|Any CPU
		{E78EAC9C-5F46-4A88-BDAD-0632A8346F00}.x64|Any CPU.ActiveCfg = x64|Any CPU
		{E78EAC9C-5F46-4A88-BDAD-0632A8346F00}.x64|Any CPU.Build.0 = x64|Any CPU
		{E78EAC9C-5F46-4A88-BDAD-0632A8346F00}.x86|Any CPU.ActiveCfg = x86|Any CPU
		{E78EAC9C-5F46-4A88-BDAD-0632A8346F00}.x86|Any CPU.Build.0 = x86|Any CPU
	EndGlobalSection
	GlobalSection(SolutionProperties) = preSolution
		HideSolutionNode = FALSE
	EndGlobalSection
EndGlobal
